// !$*UTF8*$!
{
	archiveVersion = 1;
	classes = {
	};
	objectVersion = 46;
	objects = {

/* Begin PBXBuildFile section */
		0B5DA6951E55487E009340E6 /* Asssets.xcassets in Resources */ = {isa = PBXBuildFile; fileRef = 0B5DA6941E55487E009340E6 /* Asssets.xcassets */; };
		0B5DA6991E554AC0009340E6 /* ProgressSliderCell.m in Sources */ = {isa = PBXBuildFile; fileRef = 0B5DA6981E554AC0009340E6 /* ProgressSliderCell.m */; };
		0D069249179BB87E00D51C41 /* Cocoa.framework in Frameworks */ = {isa = PBXBuildFile; fileRef = 0D069248179BB87E00D51C41 /* Cocoa.framework */; };
		0D069253179BB87E00D51C41 /* InfoPlist.strings in Resources */ = {isa = PBXBuildFile; fileRef = 0D069251179BB87E00D51C41 /* InfoPlist.strings */; };
		0D069255179BB87E00D51C41 /* main.m in Sources */ = {isa = PBXBuildFile; fileRef = 0D069254179BB87E00D51C41 /* main.m */; };
		0D069259179BB87E00D51C41 /* Credits.rtf in Resources */ = {isa = PBXBuildFile; fileRef = 0D069257179BB87E00D51C41 /* Credits.rtf */; };
		0D06925C179BB87E00D51C41 /* AppDelegate.m in Sources */ = {isa = PBXBuildFile; fileRef = 0D06925B179BB87E00D51C41 /* AppDelegate.m */; };
		0D06925F179BB87E00D51C41 /* MainMenu.xib in Resources */ = {isa = PBXBuildFile; fileRef = 0D06925D179BB87E00D51C41 /* MainMenu.xib */; };
		0D06926D179BB8B000D51C41 /* AVFoundation.framework in Frameworks */ = {isa = PBXBuildFile; fileRef = 0D06926C179BB8B000D51C41 /* AVFoundation.framework */; };
		0D069271179BBA8D00D51C41 /* MainWindowController.m in Sources */ = {isa = PBXBuildFile; fileRef = 0D06926F179BBA8D00D51C41 /* MainWindowController.m */; };
		0D069272179BBA8D00D51C41 /* MainWindowController.xib in Resources */ = {isa = PBXBuildFile; fileRef = 0D069270179BBA8D00D51C41 /* MainWindowController.xib */; };
		0D069278179BCDA700D51C41 /* AudioToolbox.framework in Frameworks */ = {isa = PBXBuildFile; fileRef = 0D069277179BCDA700D51C41 /* AudioToolbox.framework */; };
		0D06927B179BCEA500D51C41 /* MusicTools.m in Sources */ = {isa = PBXBuildFile; fileRef = 0D06927A179BCEA500D51C41 /* MusicTools.m */; };
/* End PBXBuildFile section */

/* Begin PBXFileReference section */
		0B5DA6941E55487E009340E6 /* Asssets.xcassets */ = {isa = PBXFileReference; lastKnownFileType = folder.assetcatalog; path = Asssets.xcassets; sourceTree = "<group>"; };
		0B5DA6971E554AC0009340E6 /* ProgressSliderCell.h */ = {isa = PBXFileReference; fileEncoding = 4; lastKnownFileType = sourcecode.c.h; path = ProgressSliderCell.h; sourceTree = "<group>"; };
		0B5DA6981E554AC0009340E6 /* ProgressSliderCell.m */ = {isa = PBXFileReference; fileEncoding = 4; lastKnownFileType = sourcecode.c.objc; path = ProgressSliderCell.m; sourceTree = "<group>"; };
		0D069245179BB87E00D51C41 /* MyMusicPlayer.app */ = {isa = PBXFileReference; explicitFileType = wrapper.application; includeInIndex = 0; path = MyMusicPlayer.app; sourceTree = BUILT_PRODUCTS_DIR; };
		0D069248179BB87E00D51C41 /* Cocoa.framework */ = {isa = PBXFileReference; lastKnownFileType = wrapper.framework; name = Cocoa.framework; path = System/Library/Frameworks/Cocoa.framework; sourceTree = SDKROOT; };
		0D06924B179BB87E00D51C41 /* AppKit.framework */ = {isa = PBXFileReference; lastKnownFileType = wrapper.framework; name = AppKit.framework; path = System/Library/Frameworks/AppKit.framework; sourceTree = SDKROOT; };
		0D06924C179BB87E00D51C41 /* CoreData.framework */ = {isa = PBXFileReference; lastKnownFileType = wrapper.framework; name = CoreData.framework; path = System/Library/Frameworks/CoreData.framework; sourceTree = SDKROOT; };
		0D06924D179BB87E00D51C41 /* Foundation.framework */ = {isa = PBXFileReference; lastKnownFileType = wrapper.framework; name = Foundation.framework; path = System/Library/Frameworks/Foundation.framework; sourceTree = SDKROOT; };
		0D069250179BB87E00D51C41 /* MyMusicPlayer-Info.plist */ = {isa = PBXFileReference; lastKnownFileType = text.plist.xml; path = "MyMusicPlayer-Info.plist"; sourceTree = "<group>"; };
		0D069252179BB87E00D51C41 /* en */ = {isa = PBXFileReference; lastKnownFileType = text.plist.strings; name = en; path = en.lproj/InfoPlist.strings; sourceTree = "<group>"; };
		0D069254179BB87E00D51C41 /* main.m */ = {isa = PBXFileReference; lastKnownFileType = sourcecode.c.objc; path = main.m; sourceTree = "<group>"; };
		0D069256179BB87E00D51C41 /* MyMusicPlayer-Prefix.pch */ = {isa = PBXFileReference; lastKnownFileType = sourcecode.c.h; path = "MyMusicPlayer-Prefix.pch"; sourceTree = "<group>"; };
		0D069258179BB87E00D51C41 /* en */ = {isa = PBXFileReference; lastKnownFileType = text.rtf; name = en; path = en.lproj/Credits.rtf; sourceTree = "<group>"; };
		0D06925A179BB87E00D51C41 /* AppDelegate.h */ = {isa = PBXFileReference; lastKnownFileType = sourcecode.c.h; path = AppDelegate.h; sourceTree = "<group>"; };
		0D06925B179BB87E00D51C41 /* AppDelegate.m */ = {isa = PBXFileReference; lastKnownFileType = sourcecode.c.objc; path = AppDelegate.m; sourceTree = "<group>"; };
		0D06925E179BB87E00D51C41 /* en */ = {isa = PBXFileReference; lastKnownFileType = file.xib; name = en; path = en.lproj/MainMenu.xib; sourceTree = "<group>"; };
		0D06926C179BB8B000D51C41 /* AVFoundation.framework */ = {isa = PBXFileReference; lastKnownFileType = wrapper.framework; name = AVFoundation.framework; path = System/Library/Frameworks/AVFoundation.framework; sourceTree = SDKROOT; };
		0D06926E179BBA8D00D51C41 /* MainWindowController.h */ = {isa = PBXFileReference; fileEncoding = 4; lastKnownFileType = sourcecode.c.h; path = MainWindowController.h; sourceTree = "<group>"; };
		0D06926F179BBA8D00D51C41 /* MainWindowController.m */ = {isa = PBXFileReference; fileEncoding = 4; lastKnownFileType = sourcecode.c.objc; path = MainWindowController.m; sourceTree = "<group>"; };
		0D069270179BBA8D00D51C41 /* MainWindowController.xib */ = {isa = PBXFileReference; fileEncoding = 4; lastKnownFileType = file.xib; path = MainWindowController.xib; sourceTree = "<group>"; };
		0D069277179BCDA700D51C41 /* AudioToolbox.framework */ = {isa = PBXFileReference; lastKnownFileType = wrapper.framework; name = AudioToolbox.framework; path = System/Library/Frameworks/AudioToolbox.framework; sourceTree = SDKROOT; };
		0D069279179BCEA500D51C41 /* MusicTools.h */ = {isa = PBXFileReference; fileEncoding = 4; lastKnownFileType = sourcecode.c.h; path = MusicTools.h; sourceTree = "<group>"; };
		0D06927A179BCEA500D51C41 /* MusicTools.m */ = {isa = PBXFileReference; fileEncoding = 4; lastKnownFileType = sourcecode.c.objc; path = MusicTools.m; sourceTree = "<group>"; };
/* End PBXFileReference section */

/* Begin PBXFrameworksBuildPhase section */
		0D069242179BB87E00D51C41 /* Frameworks */ = {
			isa = PBXFrameworksBuildPhase;
			buildActionMask = 2147483647;
			files = (
				0D069278179BCDA700D51C41 /* AudioToolbox.framework in Frameworks */,
				0D06926D179BB8B000D51C41 /* AVFoundation.framework in Frameworks */,
				0D069249179BB87E00D51C41 /* Cocoa.framework in Frameworks */,
			);
			runOnlyForDeploymentPostprocessing = 0;
		};
/* End PBXFrameworksBuildPhase section */

/* Begin PBXGroup section */
		0B5DA6961E554AAA009340E6 /* Views */ = {
			isa = PBXGroup;
			children = (
				0B5DA6971E554AC0009340E6 /* ProgressSliderCell.h */,
				0B5DA6981E554AC0009340E6 /* ProgressSliderCell.m */,
			);
			path = Views;
			sourceTree = "<group>";
		};
		0BFF8F671E54605D0072DB2A /* Resources */ = {
			isa = PBXGroup;
			children = (
				0B5DA6941E55487E009340E6 /* Asssets.xcassets */,
			);
			path = Resources;
			sourceTree = "<group>";
		};
		0D06923C179BB87E00D51C41 = {
			isa = PBXGroup;
			children = (
				0D06924E179BB87E00D51C41 /* MyMusicPlayer */,
				0D069247179BB87E00D51C41 /* Frameworks */,
				0D069246179BB87E00D51C41 /* Products */,
			);
			sourceTree = "<group>";
		};
		0D069246179BB87E00D51C41 /* Products */ = {
			isa = PBXGroup;
			children = (
				0D069245179BB87E00D51C41 /* MyMusicPlayer.app */,
			);
			name = Products;
			sourceTree = "<group>";
		};
		0D069247179BB87E00D51C41 /* Frameworks */ = {
			isa = PBXGroup;
			children = (
				0D069277179BCDA700D51C41 /* AudioToolbox.framework */,
				0D06926C179BB8B000D51C41 /* AVFoundation.framework */,
				0D069248179BB87E00D51C41 /* Cocoa.framework */,
				0D06924A179BB87E00D51C41 /* Other Frameworks */,
			);
			name = Frameworks;
			sourceTree = "<group>";
		};
		0D06924A179BB87E00D51C41 /* Other Frameworks */ = {
			isa = PBXGroup;
			children = (
				0D06924B179BB87E00D51C41 /* AppKit.framework */,
				0D06924C179BB87E00D51C41 /* CoreData.framework */,
				0D06924D179BB87E00D51C41 /* Foundation.framework */,
			);
			name = "Other Frameworks";
			sourceTree = "<group>";
		};
		0D06924E179BB87E00D51C41 /* MyMusicPlayer */ = {
			isa = PBXGroup;
			children = (
				0B5DA6961E554AAA009340E6 /* Views */,
				0BFF8F671E54605D0072DB2A /* Resources */,
				0D06925A179BB87E00D51C41 /* AppDelegate.h */,
				0D06925B179BB87E00D51C41 /* AppDelegate.m */,
				0D06925D179BB87E00D51C41 /* MainMenu.xib */,
				0D06926E179BBA8D00D51C41 /* MainWindowController.h */,
				0D06926F179BBA8D00D51C41 /* MainWindowController.m */,
				0D069270179BBA8D00D51C41 /* MainWindowController.xib */,
				0D06924F179BB87E00D51C41 /* Supporting Files */,
				0D069279179BCEA500D51C41 /* MusicTools.h */,
				0D06927A179BCEA500D51C41 /* MusicTools.m */,
			);
			path = MyMusicPlayer;
			sourceTree = "<group>";
		};
		0D06924F179BB87E00D51C41 /* Supporting Files */ = {
			isa = PBXGroup;
			children = (
				0D069250179BB87E00D51C41 /* MyMusicPlayer-Info.plist */,
				0D069251179BB87E00D51C41 /* InfoPlist.strings */,
				0D069254179BB87E00D51C41 /* main.m */,
				0D069256179BB87E00D51C41 /* MyMusicPlayer-Prefix.pch */,
				0D069257179BB87E00D51C41 /* Credits.rtf */,
			);
			name = "Supporting Files";
			sourceTree = "<group>";
		};
/* End PBXGroup section */

/* Begin PBXNativeTarget section */
		0D069244179BB87E00D51C41 /* MyMusicPlayer */ = {
			isa = PBXNativeTarget;
			buildConfigurationList = 0D069262179BB87E00D51C41 /* Build configuration list for PBXNativeTarget "MyMusicPlayer" */;
			buildPhases = (
				0D069241179BB87E00D51C41 /* Sources */,
				0D069242179BB87E00D51C41 /* Frameworks */,
				0D069243179BB87E00D51C41 /* Resources */,
			);
			buildRules = (
			);
			dependencies = (
			);
			name = MyMusicPlayer;
			productName = MyMusicPlayer;
			productReference = 0D069245179BB87E00D51C41 /* MyMusicPlayer.app */;
			productType = "com.apple.product-type.application";
		};
/* End PBXNativeTarget section */

/* Begin PBXProject section */
		0D06923D179BB87E00D51C41 /* Project object */ = {
			isa = PBXProject;
			attributes = {
				LastUpgradeCheck = 0820;
				ORGANIZATIONNAME = isaced;
			};
			buildConfigurationList = 0D069240179BB87E00D51C41 /* Build configuration list for PBXProject "MyMusicPlayer" */;
			compatibilityVersion = "Xcode 3.2";
			developmentRegion = English;
			hasScannedForEncodings = 0;
			knownRegions = (
				en,
			);
			mainGroup = 0D06923C179BB87E00D51C41;
			productRefGroup = 0D069246179BB87E00D51C41 /* Products */;
			projectDirPath = "";
			projectRoot = "";
			targets = (
				0D069244179BB87E00D51C41 /* MyMusicPlayer */,
			);
		};
/* End PBXProject section */

/* Begin PBXResourcesBuildPhase section */
		0D069243179BB87E00D51C41 /* Resources */ = {
			isa = PBXResourcesBuildPhase;
			buildActionMask = 2147483647;
			files = (
				0D069253179BB87E00D51C41 /* InfoPlist.strings in Resources */,
				0D069259179BB87E00D51C41 /* Credits.rtf in Resources */,
				0B5DA6951E55487E009340E6 /* Asssets.xcassets in Resources */,
				0D06925F179BB87E00D51C41 /* MainMenu.xib in Resources */,
				0D069272179BBA8D00D51C41 /* MainWindowController.xib in Resources */,
			);
			runOnlyForDeploymentPostprocessing = 0;
		};
/* End PBXResourcesBuildPhase section */

/* Begin PBXSourcesBuildPhase section */
		0D069241179BB87E00D51C41 /* Sources */ = {
			isa = PBXSourcesBuildPhase;
			buildActionMask = 2147483647;
			files = (
				0D069255179BB87E00D51C41 /* main.m in Sources */,
				0D06925C179BB87E00D51C41 /* AppDelegate.m in Sources */,
				0B5DA6991E554AC0009340E6 /* ProgressSliderCell.m in Sources */,
				0D069271179BBA8D00D51C41 /* MainWindowController.m in Sources */,
				0D06927B179BCEA500D51C41 /* MusicTools.m in Sources */,
			);
			runOnlyForDeploymentPostprocessing = 0;
		};
/* End PBXSourcesBuildPhase section */

/* Begin PBXVariantGroup section */
		0D069251179BB87E00D51C41 /* InfoPlist.strings */ = {
			isa = PBXVariantGroup;
			children = (
				0D069252179BB87E00D51C41 /* en */,
			);
			name = InfoPlist.strings;
			sourceTree = "<group>";
		};
		0D069257179BB87E00D51C41 /* Credits.rtf */ = {
			isa = PBXVariantGroup;
			children = (
				0D069258179BB87E00D51C41 /* en */,
			);
			name = Credits.rtf;
			sourceTree = "<group>";
		};
		0D06925D179BB87E00D51C41 /* MainMenu.xib */ = {
			isa = PBXVariantGroup;
			children = (
				0D06925E179BB87E00D51C41 /* en */,
			);
			name = MainMenu.xib;
			sourceTree = "<group>";
		};
/* End PBXVariantGroup section */

/* Begin XCBuildConfiguration section */
		0D069260179BB87E00D51C41 /* Debug */ = {
			isa = XCBuildConfiguration;
			buildSettings = {
				ALWAYS_SEARCH_USER_PATHS = NO;
				CLANG_CXX_LANGUAGE_STANDARD = "gnu++0x";
				CLANG_CXX_LIBRARY = "libc++";
				CLANG_ENABLE_OBJC_ARC = YES;
				CLANG_WARN_BOOL_CONVERSION = YES;
				CLANG_WARN_CONSTANT_CONVERSION = YES;
				CLANG_WARN_EMPTY_BODY = YES;
				CLANG_WARN_ENUM_CONVERSION = YES;
				CLANG_WARN_INFINITE_RECURSION = YES;
				CLANG_WARN_INT_CONVERSION = YES;
				CLANG_WARN_SUSPICIOUS_MOVE = YES;
				CLANG_WARN_UNREACHABLE_CODE = YES;
				CLANG_WARN__DUPLICATE_METHOD_MATCH = YES;
				COPY_PHASE_STRIP = NO;
				ENABLE_STRICT_OBJC_MSGSEND = YES;
				ENABLE_TESTABILITY = YES;
				GCC_C_LANGUAGE_STANDARD = gnu99;
				GCC_DYNAMIC_NO_PIC = NO;
				GCC_ENABLE_OBJC_EXCEPTIONS = YES;
				GCC_NO_COMMON_BLOCKS = YES;
				GCC_OPTIMIZATION_LEVEL = 0;
				GCC_PREPROCESSOR_DEFINITIONS = (
					"DEBUG=1",
					"$(inherited)",
				);
				GCC_SYMBOLS_PRIVATE_EXTERN = NO;
				GCC_WARN_64_TO_32_BIT_CONVERSION = YES;
				GCC_WARN_ABOUT_RETURN_TYPE = YES;
				GCC_WARN_UNDECLARED_SELECTOR = YES;
				GCC_WARN_UNINITIALIZED_AUTOS = YES;
				GCC_WARN_UNUSED_FUNCTION = YES;
				GCC_WARN_UNUSED_VARIABLE = YES;
				MACOSX_DEPLOYMENT_TARGET = 10.8;
				ONLY_ACTIVE_ARCH = YES;
				SDKROOT = macosx;
			};
			name = Debug;
		};
		0D069261179BB87E00D51C41 /* Release */ = {
			isa = XCBuildConfiguration;
			buildSettings = {
				ALWAYS_SEARCH_USER_PATHS = NO;
				CLANG_CXX_LANGUAGE_STANDARD = "gnu++0x";
				CLANG_CXX_LIBRARY = "libc++";
				CLANG_ENABLE_OBJC_ARC = YES;
				CLANG_WARN_BOOL_CONVERSION = YES;
				CLANG_WARN_CONSTANT_CONVERSION = YES;
				CLANG_WARN_EMPTY_BODY = YES;
				CLANG_WARN_ENUM_CONVERSION = YES;
				CLANG_WARN_INFINITE_RECURSION = YES;
				CLANG_WARN_INT_CONVERSION = YES;
				CLANG_WARN_SUSPICIOUS_MOVE = YES;
				CLANG_WARN_UNREACHABLE_CODE = YES;
				CLANG_WARN__DUPLICATE_METHOD_MATCH = YES;
				COPY_PHASE_STRIP = YES;
				DEBUG_INFORMATION_FORMAT = "dwarf-with-dsym";
				ENABLE_STRICT_OBJC_MSGSEND = YES;
				GCC_C_LANGUAGE_STANDARD = gnu99;
				GCC_ENABLE_OBJC_EXCEPTIONS = YES;
				GCC_NO_COMMON_BLOCKS = YES;
				GCC_WARN_64_TO_32_BIT_CONVERSION = YES;
				GCC_WARN_ABOUT_RETURN_TYPE = YES;
				GCC_WARN_UNDECLARED_SELECTOR = YES;
				GCC_WARN_UNINITIALIZED_AUTOS = YES;
				GCC_WARN_UNUSED_FUNCTION = YES;
				GCC_WARN_UNUSED_VARIABLE = YES;
				MACOSX_DEPLOYMENT_TARGET = 10.8;
				SDKROOT = macosx;
			};
			name = Release;
		};
		0D069263179BB87E00D51C41 /* Debug */ = {
			isa = XCBuildConfiguration;
			buildSettings = {
				ASSETCATALOG_COMPILER_APPICON_NAME = AppIcon;
				COMBINE_HIDPI_IMAGES = YES;
				GCC_PRECOMPILE_PREFIX_HEADER = YES;
				GCC_PREFIX_HEADER = "MyMusicPlayer/MyMusicPlayer-Prefix.pch";
				INFOPLIST_FILE = "MyMusicPlayer/MyMusicPlayer-Info.plist";
				PRODUCT_BUNDLE_IDENTIFIER = "com.${PRODUCT_NAME:rfc1034identifier}";
				PRODUCT_NAME = "$(TARGET_NAME)";
				WRAPPER_EXTENSION = app;
			};
			name = Debug;
		};
		0D069264179BB87E00D51C41 /* Release */ = {
			isa = XCBuildConfiguration;
			buildSettings = {
				ASSETCATALOG_COMPILER_APPICON_NAME = AppIcon;
				COMBINE_HIDPI_IMAGES = YES;
				GCC_PRECOMPILE_PREFIX_HEADER = YES;
				GCC_PREFIX_HEADER = "MyMusicPlayer/MyMusicPlayer-Prefix.pch";
				INFOPLIST_FILE = "MyMusicPlayer/MyMusicPlayer-Info.plist";
				PRODUCT_BUNDLE_IDENTIFIER = "com.${PRODUCT_NAME:rfc1034identifier}";
				PRODUCT_NAME = "$(TARGET_NAME)";
				WRAPPER_EXTENSION = app;
			};
			name = Release;
		};
/* End XCBuildConfiguration section */

/* Begin XCConfigurationList section */
		0D069240179BB87E00D51C41 /* Build configuration list for PBXProject "MyMusicPlayer" */ = {
			isa = XCConfigurationList;
			buildConfigurations = (
				0D069260179BB87E00D51C41 /* Debug */,
				0D069261179BB87E00D51C41 /* Release */,
			);
			defaultConfigurationIsVisible = 0;
			defaultConfigurationName = Release;
		};
		0D069262179BB87E00D51C41 /* Build configuration list for PBXNativeTarget "MyMusicPlayer" */ = {
			isa = XCConfigurationList;
			buildConfigurations = (
				0D069263179BB87E00D51C41 /* Debug */,
				0D069264179BB87E00D51C41 /* Release */,
			);
			defaultConfigurationIsVisible = 0;
			defaultConfigurationName = Release;
		};
/* End XCConfigurationList section */
	};
	rootObject = 0D06923D179BB87E00D51C41 /* Project object */;
}
